
Microsoft Visual Studio Solution File, Format Version 12.00
# Visual Studio Version 17
VisualStudioVersion = 17.4.33205.214
MinimumVisualStudioVersion = 10.0.40219.1
Project("{FAE04EC0-301F-11D3-BF4B-00C04F79EFBC}") = "eco-friendly_life_winform", "eco-friendly_life_winform\eco-friendly_life_winform.csproj", "{A5C89C2C-2EA0-4149-9C1C-CF24E7D3B84F}"
EndProject
Global
	GlobalSection(SolutionConfigurationPlatforms) = preSolution
		Debug|Any CPU = Debug|Any CPU
		Release|Any CPU = Release|Any CPU
	EndGlobalSection
	GlobalSection(ProjectConfigurationPlatforms) = postSolution
		{A5C89C2C-2EA0-4149-9C1C-CF24E7D3B84F}.Debug|Any CPU.ActiveCfg = Debug|Any CPU
		{A5C89C2C-2EA0-4149-9C1C-CF24E7D3B84F}.Debug|Any CPU.Build.0 = Debug|Any CPU
		{A5C89C2C-2EA0-4149-9C1C-CF24E7D3B84F}.Release|Any CPU.ActiveCfg = Release|Any CPU
		{A5C89C2C-2EA0-4149-9C1C-CF24E7D3B84F}.Release|Any CPU.Build.0 = Release|Any CPU
	EndGlobalSection
	GlobalSection(SolutionProperties) = preSolution
		HideSolutionNode = FALSE
	EndGlobalSection
	GlobalSection(ExtensibilityGlobals) = postSolution
		SolutionGuid = {5F6C1F44-D6B5-4ADC-B43E-B74D0252D977}
	EndGlobalSection
EndGlobal
